
Microsoft Visual Studio Solution File, Format Version 12.00
# Visual Studio Version 17
VisualStudioVersion = 17.9.34902.65
MinimumVisualStudioVersion = 10.0.40219.1
Project("{FAE04EC0-301F-11D3-BF4B-00C04F79EFBC}") = "TesteInterface", "TesteInterface\TesteInterface.csproj", "{A3323CCE-30B8-4FB7-80AB-77880567AAC6}"
EndProject
Global
	GlobalSection(SolutionConfigurationPlatforms) = preSolution
		Debug|Any CPU = Debug|Any CPU
		Release|Any CPU = Release|Any CPU
	EndGlobalSection
	GlobalSection(ProjectConfigurationPlatforms) = postSolution
		{A3323CCE-30B8-4FB7-80AB-77880567AAC6}.Debug|Any CPU.ActiveCfg = Debug|Any CPU
		{A3323CCE-30B8-4FB7-80AB-77880567AAC6}.Debug|Any CPU.Build.0 = Debug|Any CPU
		{A3323CCE-30B8-4FB7-80AB-77880567AAC6}.Release|Any CPU.ActiveCfg = Release|Any CPU
		{A3323CCE-30B8-4FB7-80AB-77880567AAC6}.Release|Any CPU.Build.0 = Release|Any CPU
	EndGlobalSection
	GlobalSection(SolutionProperties) = preSolution
		HideSolutionNode = FALSE
	EndGlobalSection
	GlobalSection(ExtensibilityGlobals) = postSolution
		SolutionGuid = {BD68922A-A77D-4AF0-B7E1-30FC65B24A9C}
	EndGlobalSection
EndGlobal
